
Microsoft Visual Studio Solution File, Format Version 12.00
# Visual Studio 15
VisualStudioVersion = 15.0.27004.2009
MinimumVisualStudioVersion = 10.0.40219.1
Project("{9A19103F-16F7-4668-BE54-9A1E7A4F7556}") = "ServerHost", "ServerHost\ServerHost.csproj", "{4542EC7F-D0CE-4F85-8A45-2C18E304B339}"
EndProject
Project("{9A19103F-16F7-4668-BE54-9A1E7A4F7556}") = "NetworkLibrary", "..\..\Library\NetworkLibrary\NetworkLibrary\NetworkLibrary.csproj", "{C266673C-61DE-4739-B660-CE26703A67DA}"
EndProject
Project("{9A19103F-16F7-4668-BE54-9A1E7A4F7556}") = "LogicLibrary", "..\..\Library\LogicLibrary\LogicLibrary.csproj", "{63D269FE-BB41-4168-B8F9-70359DD04924}"
EndProject
Project("{9A19103F-16F7-4668-BE54-9A1E7A4F7556}") = "ManageServer", "..\..\ManageServer\ManageServer\ManageServer.csproj", "{D7D1BFD0-3AEF-463A-90D6-14A191259034}"
EndProject
Project("{9A19103F-16F7-4668-BE54-9A1E7A4F7556}") = "ManageLogicLibrary", "..\..\Library\ManageLogicLibrary\ManageLogicLibrary.csproj", "{A3454DE4-403A-49BC-A34A-D058B770672C}"
EndProject
Project("{FAE04EC0-301F-11D3-BF4B-00C04F79EFBC}") = "DBServer", "..\..\DBServer\DBServer\DBServer.csproj", "{7E35729B-7241-4C0E-9835-A9C771C9B7FA}"
EndProject
Project("{FAE04EC0-301F-11D3-BF4B-00C04F79EFBC}") = "LoginServer", "..\..\LoginServer\LoginServer\LoginServer.csproj", "{985B5236-1397-4386-8535-33967DF7BFE3}"
EndProject
Project("{2150E333-8FDC-42A3-9474-1A3956D46DE8}") = "AspServer", "AspServer", "{E84100CE-4DC7-46C0-9A9F-DDE4B7053715}"
EndProject
Project("{2150E333-8FDC-42A3-9474-1A3956D46DE8}") = "TcpServer", "TcpServer", "{2E706DB9-27C4-4823-9936-52BF2CCEE2D2}"
EndProject
Project("{2150E333-8FDC-42A3-9474-1A3956D46DE8}") = "Library", "Library", "{0C63EAF6-0351-4866-8B5E-B0C71DD991F6}"
EndProject
Project("{FAE04EC0-301F-11D3-BF4B-00C04F79EFBC}") = "CommonLibrary", "..\..\Library\CommonLibrary\CommonLibrary.csproj", "{64086658-8A99-4DCC-A083-B00E6FBB46D4}"
EndProject
Global
	GlobalSection(SolutionConfigurationPlatforms) = preSolution
		Debug|Any CPU = Debug|Any CPU
		Release|Any CPU = Release|Any CPU
	EndGlobalSection
	GlobalSection(ProjectConfigurationPlatforms) = postSolution
		{4542EC7F-D0CE-4F85-8A45-2C18E304B339}.Debug|Any CPU.ActiveCfg = Debug|Any CPU
		{4542EC7F-D0CE-4F85-8A45-2C18E304B339}.Debug|Any CPU.Build.0 = Debug|Any CPU
		{4542EC7F-D0CE-4F85-8A45-2C18E304B339}.Release|Any CPU.ActiveCfg = Debug|Any CPU
		{4542EC7F-D0CE-4F85-8A45-2C18E304B339}.Release|Any CPU.Build.0 = Debug|Any CPU
		{C266673C-61DE-4739-B660-CE26703A67DA}.Debug|Any CPU.ActiveCfg = Debug|Any CPU
		{C266673C-61DE-4739-B660-CE26703A67DA}.Debug|Any CPU.Build.0 = Debug|Any CPU
		{C266673C-61DE-4739-B660-CE26703A67DA}.Release|Any CPU.ActiveCfg = Debug|Any CPU
		{C266673C-61DE-4739-B660-CE26703A67DA}.Release|Any CPU.Build.0 = Debug|Any CPU
		{63D269FE-BB41-4168-B8F9-70359DD04924}.Debug|Any CPU.ActiveCfg = Debug|Any CPU
		{63D269FE-BB41-4168-B8F9-70359DD04924}.Debug|Any CPU.Build.0 = Debug|Any CPU
		{63D269FE-BB41-4168-B8F9-70359DD04924}.Release|Any CPU.ActiveCfg = Debug|Any CPU
		{63D269FE-BB41-4168-B8F9-70359DD04924}.Release|Any CPU.Build.0 = Debug|Any CPU
		{D7D1BFD0-3AEF-463A-90D6-14A191259034}.Debug|Any CPU.ActiveCfg = Debug|Any CPU
		{D7D1BFD0-3AEF-463A-90D6-14A191259034}.Debug|Any CPU.Build.0 = Debug|Any CPU
		{D7D1BFD0-3AEF-463A-90D6-14A191259034}.Release|Any CPU.ActiveCfg = Debug|Any CPU
		{D7D1BFD0-3AEF-463A-90D6-14A191259034}.Release|Any CPU.Build.0 = Debug|Any CPU
		{A3454DE4-403A-49BC-A34A-D058B770672C}.Debug|Any CPU.ActiveCfg = Debug|Any CPU
		{A3454DE4-403A-49BC-A34A-D058B770672C}.Debug|Any CPU.Build.0 = Debug|Any CPU
		{A3454DE4-403A-49BC-A34A-D058B770672C}.Release|Any CPU.ActiveCfg = Debug|Any CPU
		{A3454DE4-403A-49BC-A34A-D058B770672C}.Release|Any CPU.Build.0 = Debug|Any CPU
		{7E35729B-7241-4C0E-9835-A9C771C9B7FA}.Debug|Any CPU.ActiveCfg = Debug|Any CPU
		{7E35729B-7241-4C0E-9835-A9C771C9B7FA}.Debug|Any CPU.Build.0 = Debug|Any CPU
		{7E35729B-7241-4C0E-9835-A9C771C9B7FA}.Release|Any CPU.ActiveCfg = Debug|Any CPU
		{7E35729B-7241-4C0E-9835-A9C771C9B7FA}.Release|Any CPU.Build.0 = Debug|Any CPU
		{985B5236-1397-4386-8535-33967DF7BFE3}.Debug|Any CPU.ActiveCfg = Debug|Any CPU
		{985B5236-1397-4386-8535-33967DF7BFE3}.Debug|Any CPU.Build.0 = Debug|Any CPU
		{985B5236-1397-4386-8535-33967DF7BFE3}.Release|Any CPU.ActiveCfg = Debug|Any CPU
		{985B5236-1397-4386-8535-33967DF7BFE3}.Release|Any CPU.Build.0 = Debug|Any CPU
		{64086658-8A99-4DCC-A083-B00E6FBB46D4}.Debug|Any CPU.ActiveCfg = Debug|Any CPU
		{64086658-8A99-4DCC-A083-B00E6FBB46D4}.Debug|Any CPU.Build.0 = Debug|Any CPU
		{64086658-8A99-4DCC-A083-B00E6FBB46D4}.Release|Any CPU.ActiveCfg = Release|Any CPU
		{64086658-8A99-4DCC-A083-B00E6FBB46D4}.Release|Any CPU.Build.0 = Release|Any CPU
	EndGlobalSection
	GlobalSection(SolutionProperties) = preSolution
		HideSolutionNode = FALSE
	EndGlobalSection
	GlobalSection(NestedProjects) = preSolution
		{4542EC7F-D0CE-4F85-8A45-2C18E304B339} = {2E706DB9-27C4-4823-9936-52BF2CCEE2D2}
		{C266673C-61DE-4739-B660-CE26703A67DA} = {0C63EAF6-0351-4866-8B5E-B0C71DD991F6}
		{63D269FE-BB41-4168-B8F9-70359DD04924} = {0C63EAF6-0351-4866-8B5E-B0C71DD991F6}
		{D7D1BFD0-3AEF-463A-90D6-14A191259034} = {2E706DB9-27C4-4823-9936-52BF2CCEE2D2}
		{A3454DE4-403A-49BC-A34A-D058B770672C} = {0C63EAF6-0351-4866-8B5E-B0C71DD991F6}
		{7E35729B-7241-4C0E-9835-A9C771C9B7FA} = {E84100CE-4DC7-46C0-9A9F-DDE4B7053715}
		{985B5236-1397-4386-8535-33967DF7BFE3} = {E84100CE-4DC7-46C0-9A9F-DDE4B7053715}
		{64086658-8A99-4DCC-A083-B00E6FBB46D4} = {0C63EAF6-0351-4866-8B5E-B0C71DD991F6}
	EndGlobalSection
	GlobalSection(ExtensibilityGlobals) = postSolution
		SolutionGuid = {26A58BC1-5D9B-4FCE-A843-641B1F3533D6}
	EndGlobalSection
EndGlobal
