
Microsoft Visual Studio Solution File, Format Version 12.00
# Visual Studio 15
VisualStudioVersion = 15.0.27004.2009
MinimumVisualStudioVersion = 10.0.40219.1
Project("{FAE04EC0-301F-11D3-BF4B-00C04F79EFBC}") = "DBServer", "DBServer\DBServer.csproj", "{20CEA77C-2F20-407C-BAD8-F06B0C165AAD}"
EndProject
Global
	GlobalSection(SolutionConfigurationPlatforms) = preSolution
		Debug|Any CPU = Debug|Any CPU
		Release|Any CPU = Release|Any CPU
	EndGlobalSection
	GlobalSection(ProjectConfigurationPlatforms) = postSolution
		{20CEA77C-2F20-407C-BAD8-F06B0C165AAD}.Debug|Any CPU.ActiveCfg = Debug|Any CPU
		{20CEA77C-2F20-407C-BAD8-F06B0C165AAD}.Debug|Any CPU.Build.0 = Debug|Any CPU
		{20CEA77C-2F20-407C-BAD8-F06B0C165AAD}.Release|Any CPU.ActiveCfg = Release|Any CPU
		{20CEA77C-2F20-407C-BAD8-F06B0C165AAD}.Release|Any CPU.Build.0 = Release|Any CPU
	EndGlobalSection
	GlobalSection(SolutionProperties) = preSolution
		HideSolutionNode = FALSE
	EndGlobalSection
	GlobalSection(ExtensibilityGlobals) = postSolution
		SolutionGuid = {54654745-FBE5-4462-A2EA-93481AE47F7B}
	EndGlobalSection
EndGlobal
